
Microsoft Visual Studio Solution File, Format Version 12.00
# Visual Studio 15
VisualStudioVersion = 15.0.27130.2020
MinimumVisualStudioVersion = 10.0.40219.1
Project("{8BC9CEB8-8B4A-11D0-8D11-00A0C91BC942}") = "GomokuGame", "GomokuGame\GomokuGame.vcxproj", "{AF7677A4-0F27-49DC-96B4-FF1C5D6F7828}"
EndProject
Project("{8BC9CEB8-8B4A-11D0-8D11-00A0C91BC942}") = "Server", "Server\Server.vcxproj", "{BA9131AE-A47A-4AD5-A4CC-A2ED0290F3B0}"
EndProject
Global
	GlobalSection(SolutionConfigurationPlatforms) = preSolution
		Debug|x64 = Debug|x64
		Debug|x86 = Debug|x86
		Release|x64 = Release|x64
		Release|x86 = Release|x86
	EndGlobalSection
	GlobalSection(ProjectConfigurationPlatforms) = postSolution
		{AF7677A4-0F27-49DC-96B4-FF1C5D6F7828}.Debug|x64.ActiveCfg = Debug|x64
		{AF7677A4-0F27-49DC-96B4-FF1C5D6F7828}.Debug|x64.Build.0 = Debug|x64
		{AF7677A4-0F27-49DC-96B4-FF1C5D6F7828}.Debug|x86.ActiveCfg = Debug|Win32
		{AF7677A4-0F27-49DC-96B4-FF1C5D6F7828}.Debug|x86.Build.0 = Debug|Win32
		{AF7677A4-0F27-49DC-96B4-FF1C5D6F7828}.Release|x64.ActiveCfg = Release|x64
		{AF7677A4-0F27-49DC-96B4-FF1C5D6F7828}.Release|x64.Build.0 = Release|x64
		{AF7677A4-0F27-49DC-96B4-FF1C5D6F7828}.Release|x86.ActiveCfg = Release|Win32
		{AF7677A4-0F27-49DC-96B4-FF1C5D6F7828}.Release|x86.Build.0 = Release|Win32
		{BA9131AE-A47A-4AD5-A4CC-A2ED0290F3B0}.Debug|x64.ActiveCfg = Debug|x64
		{BA9131AE-A47A-4AD5-A4CC-A2ED0290F3B0}.Debug|x64.Build.0 = Debug|x64
		{BA9131AE-A47A-4AD5-A4CC-A2ED0290F3B0}.Debug|x86.ActiveCfg = Debug|Win32
		{BA9131AE-A47A-4AD5-A4CC-A2ED0290F3B0}.Debug|x86.Build.0 = Debug|Win32
		{BA9131AE-A47A-4AD5-A4CC-A2ED0290F3B0}.Release|x64.ActiveCfg = Release|x64
		{BA9131AE-A47A-4AD5-A4CC-A2ED0290F3B0}.Release|x64.Build.0 = Release|x64
		{BA9131AE-A47A-4AD5-A4CC-A2ED0290F3B0}.Release|x86.ActiveCfg = Release|Win32
		{BA9131AE-A47A-4AD5-A4CC-A2ED0290F3B0}.Release|x86.Build.0 = Release|Win32
	EndGlobalSection
	GlobalSection(SolutionProperties) = preSolution
		HideSolutionNode = FALSE
	EndGlobalSection
	GlobalSection(ExtensibilityGlobals) = postSolution
		SolutionGuid = {432E1652-3FB9-4C19-84C4-5E44DC31165B}
	EndGlobalSection
EndGlobal
